
Microsoft Visual Studio Solution File, Format Version 12.00
# Visual Studio 14
VisualStudioVersion = 14.0.22823.1
MinimumVisualStudioVersion = 10.0.40219.1
Project("{FAE04EC0-301F-11D3-BF4B-00C04F79EFBC}") = "HighQualityMethods", "HighQualityMethods\HighQualityMethods.csproj", "{26A1967E-DF39-447C-8039-89F082A04669}"
EndProject
Project("{FAE04EC0-301F-11D3-BF4B-00C04F79EFBC}") = "HighQualityStudent", "HighQualityStudents\HighQualityStudent.csproj", "{4155B9CF-487E-4682-B80E-24708EA75F21}"
EndProject
Global
	GlobalSection(SolutionConfigurationPlatforms) = preSolution
		Debug|Any CPU = Debug|Any CPU
		Release|Any CPU = Release|Any CPU
	EndGlobalSection
	GlobalSection(ProjectConfigurationPlatforms) = postSolution
		{26A1967E-DF39-447C-8039-89F082A04669}.Debug|Any CPU.ActiveCfg = Debug|Any CPU
		{26A1967E-DF39-447C-8039-89F082A04669}.Debug|Any CPU.Build.0 = Debug|Any CPU
		{26A1967E-DF39-447C-8039-89F082A04669}.Release|Any CPU.ActiveCfg = Release|Any CPU
		{26A1967E-DF39-447C-8039-89F082A04669}.Release|Any CPU.Build.0 = Release|Any CPU
		{4155B9CF-487E-4682-B80E-24708EA75F21}.Debug|Any CPU.ActiveCfg = Debug|Any CPU
		{4155B9CF-487E-4682-B80E-24708EA75F21}.Debug|Any CPU.Build.0 = Debug|Any CPU
		{4155B9CF-487E-4682-B80E-24708EA75F21}.Release|Any CPU.ActiveCfg = Release|Any CPU
		{4155B9CF-487E-4682-B80E-24708EA75F21}.Release|Any CPU.Build.0 = Release|Any CPU
	EndGlobalSection
	GlobalSection(SolutionProperties) = preSolution
		HideSolutionNode = FALSE
	EndGlobalSection
EndGlobal
