
Microsoft Visual Studio Solution File, Format Version 12.00
# Visual Studio 2013
VisualStudioVersion = 12.0.21005.1
MinimumVisualStudioVersion = 10.0.40219.1
Project("{FAE04EC0-301F-11D3-BF4B-00C04F79EFBC}") = "01.FillTheMatrix", "01.FillTheMatrix\01.FillTheMatrix.csproj", "{896092BF-B9D6-4B6A-B889-D8B66FD62C13}"
EndProject
Project("{FAE04EC0-301F-11D3-BF4B-00C04F79EFBC}") = "02.MaximalSum", "02.MaximalSum\02.MaximalSum.csproj", "{86FF6867-F971-4A94-BF26-5A9A2F766EA2}"
EndProject
Project("{FAE04EC0-301F-11D3-BF4B-00C04F79EFBC}") = "03.MatrixShuffling", "03.MatrixShuffling\03.MatrixShuffling.csproj", "{5D4C70F6-1032-4CBA-902F-0A6FF8F316A1}"
EndProject
Project("{FAE04EC0-301F-11D3-BF4B-00C04F79EFBC}") = "04.SequenceInMatrix", "04.SequenceInMatrix\04.SequenceInMatrix.csproj", "{B9AF1C0B-563C-4C56-8C46-40F5CDE35E03}"
EndProject
Project("{FAE04EC0-301F-11D3-BF4B-00C04F79EFBC}") = "05.CollectTheCoins", "05.CollectTheCoins\05.CollectTheCoins.csproj", "{DFAEDA78-F775-4646-BFA5-DF9A45A558F4}"
EndProject
Project("{FAE04EC0-301F-11D3-BF4B-00C04F79EFBC}") = "06.CountSymbols", "06.CountSymbols\06.CountSymbols.csproj", "{4C36B75D-ACCE-476E-A1B1-99D9E2DDD91E}"
EndProject
Project("{FAE04EC0-301F-11D3-BF4B-00C04F79EFBC}") = "07.Phonebook", "07.Phonebook\07.Phonebook.csproj", "{16D5C507-5315-4A8E-A029-2531B3CA367A}"
EndProject
Project("{FAE04EC0-301F-11D3-BF4B-00C04F79EFBC}") = "08.NightLife", "08.NightLife\08.NightLife.csproj", "{3A0BEA02-46D2-485E-A693-183B0FEC62F5}"
EndProject
Project("{FAE04EC0-301F-11D3-BF4B-00C04F79EFBC}") = "09.TerroristsWin", "09.TerroristsWin\09.TerroristsWin.csproj", "{EBC5B194-A907-4268-B679-307D141836EF}"
EndProject
Project("{FAE04EC0-301F-11D3-BF4B-00C04F79EFBC}") = "10.PlusRemove", "10.PlusRemove\10.PlusRemove.csproj", "{9DEB9E1D-3D89-40CB-A9D1-40EAA6074213}"
EndProject
Project("{FAE04EC0-301F-11D3-BF4B-00C04F79EFBC}") = "11.StringMatrixRotation", "11.StringMatrixRotation\11.StringMatrixRotation.csproj", "{406445F5-489A-47DD-BAF4-ABF7AEFAECD2}"
EndProject
Global
	GlobalSection(SolutionConfigurationPlatforms) = preSolution
		Debug|Any CPU = Debug|Any CPU
		Release|Any CPU = Release|Any CPU
	EndGlobalSection
	GlobalSection(ProjectConfigurationPlatforms) = postSolution
		{896092BF-B9D6-4B6A-B889-D8B66FD62C13}.Debug|Any CPU.ActiveCfg = Debug|Any CPU
		{896092BF-B9D6-4B6A-B889-D8B66FD62C13}.Debug|Any CPU.Build.0 = Debug|Any CPU
		{896092BF-B9D6-4B6A-B889-D8B66FD62C13}.Release|Any CPU.ActiveCfg = Release|Any CPU
		{896092BF-B9D6-4B6A-B889-D8B66FD62C13}.Release|Any CPU.Build.0 = Release|Any CPU
		{86FF6867-F971-4A94-BF26-5A9A2F766EA2}.Debug|Any CPU.ActiveCfg = Debug|Any CPU
		{86FF6867-F971-4A94-BF26-5A9A2F766EA2}.Debug|Any CPU.Build.0 = Debug|Any CPU
		{86FF6867-F971-4A94-BF26-5A9A2F766EA2}.Release|Any CPU.ActiveCfg = Release|Any CPU
		{86FF6867-F971-4A94-BF26-5A9A2F766EA2}.Release|Any CPU.Build.0 = Release|Any CPU
		{5D4C70F6-1032-4CBA-902F-0A6FF8F316A1}.Debug|Any CPU.ActiveCfg = Debug|Any CPU
		{5D4C70F6-1032-4CBA-902F-0A6FF8F316A1}.Debug|Any CPU.Build.0 = Debug|Any CPU
		{5D4C70F6-1032-4CBA-902F-0A6FF8F316A1}.Release|Any CPU.ActiveCfg = Release|Any CPU
		{5D4C70F6-1032-4CBA-902F-0A6FF8F316A1}.Release|Any CPU.Build.0 = Release|Any CPU
		{B9AF1C0B-563C-4C56-8C46-40F5CDE35E03}.Debug|Any CPU.ActiveCfg = Debug|Any CPU
		{B9AF1C0B-563C-4C56-8C46-40F5CDE35E03}.Debug|Any CPU.Build.0 = Debug|Any CPU
		{B9AF1C0B-563C-4C56-8C46-40F5CDE35E03}.Release|Any CPU.ActiveCfg = Release|Any CPU
		{B9AF1C0B-563C-4C56-8C46-40F5CDE35E03}.Release|Any CPU.Build.0 = Release|Any CPU
		{DFAEDA78-F775-4646-BFA5-DF9A45A558F4}.Debug|Any CPU.ActiveCfg = Debug|Any CPU
		{DFAEDA78-F775-4646-BFA5-DF9A45A558F4}.Debug|Any CPU.Build.0 = Debug|Any CPU
		{DFAEDA78-F775-4646-BFA5-DF9A45A558F4}.Release|Any CPU.ActiveCfg = Release|Any CPU
		{DFAEDA78-F775-4646-BFA5-DF9A45A558F4}.Release|Any CPU.Build.0 = Release|Any CPU
		{4C36B75D-ACCE-476E-A1B1-99D9E2DDD91E}.Debug|Any CPU.ActiveCfg = Debug|Any CPU
		{4C36B75D-ACCE-476E-A1B1-99D9E2DDD91E}.Debug|Any CPU.Build.0 = Debug|Any CPU
		{4C36B75D-ACCE-476E-A1B1-99D9E2DDD91E}.Release|Any CPU.ActiveCfg = Release|Any CPU
		{4C36B75D-ACCE-476E-A1B1-99D9E2DDD91E}.Release|Any CPU.Build.0 = Release|Any CPU
		{16D5C507-5315-4A8E-A029-2531B3CA367A}.Debug|Any CPU.ActiveCfg = Debug|Any CPU
		{16D5C507-5315-4A8E-A029-2531B3CA367A}.Debug|Any CPU.Build.0 = Debug|Any CPU
		{16D5C507-5315-4A8E-A029-2531B3CA367A}.Release|Any CPU.ActiveCfg = Release|Any CPU
		{16D5C507-5315-4A8E-A029-2531B3CA367A}.Release|Any CPU.Build.0 = Release|Any CPU
		{3A0BEA02-46D2-485E-A693-183B0FEC62F5}.Debug|Any CPU.ActiveCfg = Debug|Any CPU
		{3A0BEA02-46D2-485E-A693-183B0FEC62F5}.Debug|Any CPU.Build.0 = Debug|Any CPU
		{3A0BEA02-46D2-485E-A693-183B0FEC62F5}.Release|Any CPU.ActiveCfg = Release|Any CPU
		{3A0BEA02-46D2-485E-A693-183B0FEC62F5}.Release|Any CPU.Build.0 = Release|Any CPU
		{EBC5B194-A907-4268-B679-307D141836EF}.Debug|Any CPU.ActiveCfg = Debug|Any CPU
		{EBC5B194-A907-4268-B679-307D141836EF}.Debug|Any CPU.Build.0 = Debug|Any CPU
		{EBC5B194-A907-4268-B679-307D141836EF}.Release|Any CPU.ActiveCfg = Release|Any CPU
		{EBC5B194-A907-4268-B679-307D141836EF}.Release|Any CPU.Build.0 = Release|Any CPU
		{9DEB9E1D-3D89-40CB-A9D1-40EAA6074213}.Debug|Any CPU.ActiveCfg = Debug|Any CPU
		{9DEB9E1D-3D89-40CB-A9D1-40EAA6074213}.Debug|Any CPU.Build.0 = Debug|Any CPU
		{9DEB9E1D-3D89-40CB-A9D1-40EAA6074213}.Release|Any CPU.ActiveCfg = Release|Any CPU
		{9DEB9E1D-3D89-40CB-A9D1-40EAA6074213}.Release|Any CPU.Build.0 = Release|Any CPU
		{406445F5-489A-47DD-BAF4-ABF7AEFAECD2}.Debug|Any CPU.ActiveCfg = Debug|Any CPU
		{406445F5-489A-47DD-BAF4-ABF7AEFAECD2}.Debug|Any CPU.Build.0 = Debug|Any CPU
		{406445F5-489A-47DD-BAF4-ABF7AEFAECD2}.Release|Any CPU.ActiveCfg = Release|Any CPU
		{406445F5-489A-47DD-BAF4-ABF7AEFAECD2}.Release|Any CPU.Build.0 = Release|Any CPU
	EndGlobalSection
	GlobalSection(SolutionProperties) = preSolution
		HideSolutionNode = FALSE
	EndGlobalSection
EndGlobal
