
Microsoft Visual Studio Solution File, Format Version 12.00
# Visual Studio 2013
VisualStudioVersion = 12.0.21005.1
MinimumVisualStudioVersion = 10.0.40219.1
Project("{FAE04EC0-301F-11D3-BF4B-00C04F79EFBC}") = "02.Customer", "02.Customer\02.Customer.csproj", "{A852ECFC-EF60-4BE0-AA40-77E3F813ADA7}"
EndProject
Project("{FAE04EC0-301F-11D3-BF4B-00C04F79EFBC}") = "03.StringDisperser", "03.StringDisperser\03.StringDisperser.csproj", "{32A93F4B-E5A2-4BDB-80BB-2E71E5760BAE}"
EndProject
Global
	GlobalSection(SolutionConfigurationPlatforms) = preSolution
		Debug|Any CPU = Debug|Any CPU
		Release|Any CPU = Release|Any CPU
	EndGlobalSection
	GlobalSection(ProjectConfigurationPlatforms) = postSolution
		{A852ECFC-EF60-4BE0-AA40-77E3F813ADA7}.Debug|Any CPU.ActiveCfg = Debug|Any CPU
		{A852ECFC-EF60-4BE0-AA40-77E3F813ADA7}.Debug|Any CPU.Build.0 = Debug|Any CPU
		{A852ECFC-EF60-4BE0-AA40-77E3F813ADA7}.Release|Any CPU.ActiveCfg = Release|Any CPU
		{A852ECFC-EF60-4BE0-AA40-77E3F813ADA7}.Release|Any CPU.Build.0 = Release|Any CPU
		{32A93F4B-E5A2-4BDB-80BB-2E71E5760BAE}.Debug|Any CPU.ActiveCfg = Debug|Any CPU
		{32A93F4B-E5A2-4BDB-80BB-2E71E5760BAE}.Debug|Any CPU.Build.0 = Debug|Any CPU
		{32A93F4B-E5A2-4BDB-80BB-2E71E5760BAE}.Release|Any CPU.ActiveCfg = Release|Any CPU
		{32A93F4B-E5A2-4BDB-80BB-2E71E5760BAE}.Release|Any CPU.Build.0 = Release|Any CPU
	EndGlobalSection
	GlobalSection(SolutionProperties) = preSolution
		HideSolutionNode = FALSE
	EndGlobalSection
EndGlobal
